
Microsoft Visual Studio Solution File, Format Version 12.00
Project("{FAE04EC0-301F-11D3-BF4B-00C04F79EFBC}") = "olap_c_sharp", "olap_c_sharp.csproj", "{7AD0D948-6336-493F-9B72-2DB5B376F524}"
EndProject
Global
	GlobalSection(SolutionConfigurationPlatforms) = preSolution
		Debug|Any CPU = Debug|Any CPU
		Release|Any CPU = Release|Any CPU
	EndGlobalSection
	GlobalSection(ProjectConfigurationPlatforms) = postSolution
		{7AD0D948-6336-493F-9B72-2DB5B376F524}.Debug|Any CPU.ActiveCfg = Debug|Any CPU
		{7AD0D948-6336-493F-9B72-2DB5B376F524}.Debug|Any CPU.Build.0 = Debug|Any CPU
		{7AD0D948-6336-493F-9B72-2DB5B376F524}.Release|Any CPU.ActiveCfg = Release|Any CPU
		{7AD0D948-6336-493F-9B72-2DB5B376F524}.Release|Any CPU.Build.0 = Release|Any CPU
	EndGlobalSection
EndGlobal
